{
  "name": "kesaa",
  "version": "1.0.0",
  "lockfileVersion": 1,
  "requires": true,
  "dependencies": {
    "@types/node": {
      "version": "8.0.34",
      "resolved": "https://registry.npmjs.org/@types/node/-/node-8.0.34.tgz",
      "integrity": "sha512-Jnmm57+nHqvJUPwUzt1CLoLzFtF2B2vgG7cWFut+a4nqTp9/L6pL0N+o0Jt3V7AQnCKMsPEqQpLFZYleBCdq3w==",
      "dev": true
    },
    "typescript": {
      "version": "2.5.3",
      "resolved": "https://registry.npmjs.org/typescript/-/typescript-2.5.3.tgz",
      "integrity": "sha512-ptLSQs2S4QuS6/OD1eAKG+S5G8QQtrU5RT32JULdZQtM1L3WTi34Wsu48Yndzi8xsObRAB9RPt/KhA9wlpEF6w==",
      "dev": true
    }
  }
}
